# This file is @generated by PDM.
# It is not intended for manual editing.

[metadata]
groups = ["default", "dev"]
strategy = ["cross_platform", "inherit_metadata"]
lock_version = "4.4.1"
content_hash = "sha256:681d83fd92aa093ca7d2f8acc20dcd585a514d88478c75a29f6486b918fccd0d"

[[package]]
name = "asgiref"
version = "3.7.2"
requires_python = ">=3.7"
summary = "ASGI specs, helper code, and adapters"
groups = ["default", "dev"]
files = [
    {file = "asgiref-3.7.2-py3-none-any.whl", hash = "sha256:89b2ef2247e3b562a16eef663bc0e2e703ec6468e2fa8a5cd61cd449786d4f6e"},
    {file = "asgiref-3.7.2.tar.gz", hash = "sha256:9e0ce3aa93a819ba5b45120216b23878cf6e8525eb3848653452b4192b92afed"},
]

[[package]]
name = "bleach"
version = "5.0.1"
requires_python = ">=3.7"
summary = "An easy safelist-based HTML-sanitizing tool."
groups = ["default"]
dependencies = [
    "six>=1.9.0",
    "webencodings",
]
files = [
    {file = "bleach-5.0.1-py3-none-any.whl", hash = "sha256:085f7f33c15bd408dd9b17a4ad77c577db66d76203e5984b1bd59baeee948b2a"},
    {file = "bleach-5.0.1.tar.gz", hash = "sha256:0d03255c47eb9bd2f26aa9bb7f2107732e7e8fe195ca2f64709fcf3b0a4a085c"},
]

[[package]]
name = "bleach"
version = "5.0.1"
extras = ["css"]
requires_python = ">=3.7"
summary = "An easy safelist-based HTML-sanitizing tool."
groups = ["default"]
dependencies = [
    "bleach==5.0.1",
    "tinycss2<1.2,>=1.1.0",
]
files = [
    {file = "bleach-5.0.1-py3-none-any.whl", hash = "sha256:085f7f33c15bd408dd9b17a4ad77c577db66d76203e5984b1bd59baeee948b2a"},
    {file = "bleach-5.0.1.tar.gz", hash = "sha256:0d03255c47eb9bd2f26aa9bb7f2107732e7e8fe195ca2f64709fcf3b0a4a085c"},
]

[[package]]
name = "boto3"
version = "1.34.50"
requires_python = ">= 3.8"
summary = "The AWS SDK for Python"
groups = ["default"]
dependencies = [
    "botocore<1.35.0,>=1.34.50",
    "jmespath<2.0.0,>=0.7.1",
    "s3transfer<0.11.0,>=0.10.0",
]
files = [
    {file = "boto3-1.34.50-py3-none-any.whl", hash = "sha256:8d709365231234bc4f0ca98fdf33a25eeebf78072853c6aa3d259f0f5cf09877"},
    {file = "boto3-1.34.50.tar.gz", hash = "sha256:290952be7899560039cb0042e8a2354f61a7dead0d0ca8bea6ba901930df0468"},
]

[[package]]
name = "botocore"
version = "1.34.50"
requires_python = ">= 3.8"
summary = "Low-level, data-driven core of boto 3."
groups = ["default"]
dependencies = [
    "jmespath<2.0.0,>=0.7.1",
    "python-dateutil<3.0.0,>=2.1",
    "urllib3<2.1,>=1.25.4; python_version >= \"3.10\"",
]
files = [
    {file = "botocore-1.34.50-py3-none-any.whl", hash = "sha256:fda510559dbe796eefdb59561cc81be1b99afba3dee53fd23db9a3d587adc0ab"},
    {file = "botocore-1.34.50.tar.gz", hash = "sha256:33ab82cb96c4bb684f0dbafb071808e4817d83debc88b223e7d988256370c6d7"},
]

[[package]]
name = "click"
version = "8.1.7"
requires_python = ">=3.7"
summary = "Composable command line interface toolkit"
groups = ["default", "dev"]
dependencies = [
    "colorama; platform_system == \"Windows\"",
]
files = [
    {file = "click-8.1.7-py3-none-any.whl", hash = "sha256:ae74fb96c20a0277a1d615f1e4d73c8414f5a98db8b799a7931d1582f3390c28"},
    {file = "click-8.1.7.tar.gz", hash = "sha256:ca9853ad459e787e2192211578cc907e7594e294c7ccc834310722b41b9ca6de"},
]

[[package]]
name = "colorama"
version = "0.4.6"
requires_python = "!=3.0.*,!=3.1.*,!=3.2.*,!=3.3.*,!=3.4.*,!=3.5.*,!=3.6.*,>=2.7"
summary = "Cross-platform colored terminal text."
groups = ["default", "dev"]
files = [
    {file = "colorama-0.4.6-py2.py3-none-any.whl", hash = "sha256:4f1d9991f5acc0ca119f9d443620b77f9d6b33703e51011c16baf57afb285fc6"},
    {file = "colorama-0.4.6.tar.gz", hash = "sha256:08695f5cb7ed6e0531a20572697297273c47b8cae5a63ffc6d6ed5c201be6e44"},
]

[[package]]
name = "coverage"
version = "7.4.3"
requires_python = ">=3.8"
summary = "Code coverage measurement for Python"
groups = ["dev"]
files = [
    {file = "coverage-7.4.3-cp312-cp312-macosx_10_9_x86_64.whl", hash = "sha256:b51bfc348925e92a9bd9b2e48dad13431b57011fd1038f08316e6bf1df107d10"},
    {file = "coverage-7.4.3-cp312-cp312-macosx_11_0_arm64.whl", hash = "sha256:d6cdecaedea1ea9e033d8adf6a0ab11107b49571bbb9737175444cea6eb72328"},
    {file = "coverage-7.4.3-cp312-cp312-manylinux_2_17_aarch64.manylinux2014_aarch64.whl", hash = "sha256:3b2eccb883368f9e972e216c7b4c7c06cabda925b5f06dde0650281cb7666a30"},
    {file = "coverage-7.4.3-cp312-cp312-manylinux_2_5_i686.manylinux1_i686.manylinux_2_17_i686.manylinux2014_i686.whl", hash = "sha256:6c00cdc8fa4e50e1cc1f941a7f2e3e0f26cb2a1233c9696f26963ff58445bac7"},
    {file = "coverage-7.4.3-cp312-cp312-manylinux_2_5_x86_64.manylinux1_x86_64.manylinux_2_17_x86_64.manylinux2014_x86_64.whl", hash = "sha256:b9a4a8dd3dcf4cbd3165737358e4d7dfbd9d59902ad11e3b15eebb6393b0446e"},
    {file = "coverage-7.4.3-cp312-cp312-musllinux_1_1_aarch64.whl", hash = "sha256:062b0a75d9261e2f9c6d071753f7eef0fc9caf3a2c82d36d76667ba7b6470003"},
    {file = "coverage-7.4.3-cp312-cp312-musllinux_1_1_i686.whl", hash = "sha256:ebe7c9e67a2d15fa97b77ea6571ce5e1e1f6b0db71d1d5e96f8d2bf134303c1d"},
    {file = "coverage-7.4.3-cp312-cp312-musllinux_1_1_x86_64.whl", hash = "sha256:c0a120238dd71c68484f02562f6d446d736adcc6ca0993712289b102705a9a3a"},
    {file = "coverage-7.4.3-cp312-cp312-win32.whl", hash = "sha256:37389611ba54fd6d278fde86eb2c013c8e50232e38f5c68235d09d0a3f8aa352"},
    {file = "coverage-7.4.3-cp312-cp312-win_amd64.whl", hash = "sha256:d25b937a5d9ffa857d41be042b4238dd61db888533b53bc76dc082cb5a15e914"},
    {file = "coverage-7.4.3-pp38.pp39.pp310-none-any.whl", hash = "sha256:7cbde573904625509a3f37b6fecea974e363460b556a627c60dc2f47e2fffa51"},
    {file = "coverage-7.4.3.tar.gz", hash = "sha256:276f6077a5c61447a48d133ed13e759c09e62aff0dc84274a68dc18660104d52"},
]

[[package]]
name = "coverage"
version = "7.4.3"
extras = ["toml"]
requires_python = ">=3.8"
summary = "Code coverage measurement for Python"
groups = ["dev"]
dependencies = [
    "coverage==7.4.3",
]
files = [
    {file = "coverage-7.4.3-cp312-cp312-macosx_10_9_x86_64.whl", hash = "sha256:b51bfc348925e92a9bd9b2e48dad13431b57011fd1038f08316e6bf1df107d10"},
    {file = "coverage-7.4.3-cp312-cp312-macosx_11_0_arm64.whl", hash = "sha256:d6cdecaedea1ea9e033d8adf6a0ab11107b49571bbb9737175444cea6eb72328"},
    {file = "coverage-7.4.3-cp312-cp312-manylinux_2_17_aarch64.manylinux2014_aarch64.whl", hash = "sha256:3b2eccb883368f9e972e216c7b4c7c06cabda925b5f06dde0650281cb7666a30"},
    {file = "coverage-7.4.3-cp312-cp312-manylinux_2_5_i686.manylinux1_i686.manylinux_2_17_i686.manylinux2014_i686.whl", hash = "sha256:6c00cdc8fa4e50e1cc1f941a7f2e3e0f26cb2a1233c9696f26963ff58445bac7"},
    {file = "coverage-7.4.3-cp312-cp312-manylinux_2_5_x86_64.manylinux1_x86_64.manylinux_2_17_x86_64.manylinux2014_x86_64.whl", hash = "sha256:b9a4a8dd3dcf4cbd3165737358e4d7dfbd9d59902ad11e3b15eebb6393b0446e"},
    {file = "coverage-7.4.3-cp312-cp312-musllinux_1_1_aarch64.whl", hash = "sha256:062b0a75d9261e2f9c6d071753f7eef0fc9caf3a2c82d36d76667ba7b6470003"},
    {file = "coverage-7.4.3-cp312-cp312-musllinux_1_1_i686.whl", hash = "sha256:ebe7c9e67a2d15fa97b77ea6571ce5e1e1f6b0db71d1d5e96f8d2bf134303c1d"},
    {file = "coverage-7.4.3-cp312-cp312-musllinux_1_1_x86_64.whl", hash = "sha256:c0a120238dd71c68484f02562f6d446d736adcc6ca0993712289b102705a9a3a"},
    {file = "coverage-7.4.3-cp312-cp312-win32.whl", hash = "sha256:37389611ba54fd6d278fde86eb2c013c8e50232e38f5c68235d09d0a3f8aa352"},
    {file = "coverage-7.4.3-cp312-cp312-win_amd64.whl", hash = "sha256:d25b937a5d9ffa857d41be042b4238dd61db888533b53bc76dc082cb5a15e914"},
    {file = "coverage-7.4.3-pp38.pp39.pp310-none-any.whl", hash = "sha256:7cbde573904625509a3f37b6fecea974e363460b556a627c60dc2f47e2fffa51"},
    {file = "coverage-7.4.3.tar.gz", hash = "sha256:276f6077a5c61447a48d133ed13e759c09e62aff0dc84274a68dc18660104d52"},
]

[[package]]
name = "cssbeautifier"
version = "1.15.1"
summary = "CSS unobfuscator and beautifier."
groups = ["dev"]
dependencies = [
    "editorconfig>=0.12.2",
    "jsbeautifier",
    "six>=1.13.0",
]
files = [
    {file = "cssbeautifier-1.15.1.tar.gz", hash = "sha256:9f7064362aedd559c55eeecf6b6bed65e05f33488dcbe39044f0403c26e1c006"},
]

[[package]]
name = "django"
version = "5.0.2"
requires_python = ">=3.10"
summary = "A high-level Python web framework that encourages rapid development and clean, pragmatic design."
groups = ["default", "dev"]
dependencies = [
    "asgiref<4,>=3.7.0",
    "sqlparse>=0.3.1",
    "tzdata; sys_platform == \"win32\"",
]
files = [
    {file = "Django-5.0.2-py3-none-any.whl", hash = "sha256:56ab63a105e8bb06ee67381d7b65fe6774f057e41a8bab06c8020c8882d8ecd4"},
    {file = "Django-5.0.2.tar.gz", hash = "sha256:b5bb1d11b2518a5f91372a282f24662f58f66749666b0a286ab057029f728080"},
]

[[package]]
name = "django-bootstrap5"
version = "23.4"
requires_python = ">=3.8"
summary = "Bootstrap 5 for Django"
groups = ["default"]
dependencies = [
    "Django>=3.2",
]
files = [
    {file = "django-bootstrap5-23.4.tar.gz", hash = "sha256:fbf9942a17e1f48b4142e78df9e85afb65e4066a20e38ec7c497d36ae5ef7256"},
    {file = "django_bootstrap5-23.4-py3-none-any.whl", hash = "sha256:5181bf1e97afae6211e963f28f48d4a90c937a3b036b3f752f52260f0029f3bc"},
]

[[package]]
name = "django-browser-reload"
version = "1.12.1"
requires_python = ">=3.8"
summary = "Automatically reload your browser in development."
groups = ["default"]
dependencies = [
    "Django>=3.2",
    "asgiref>=3.6",
]
files = [
    {file = "django-browser-reload-1.12.1.tar.gz", hash = "sha256:875b6bd01db13380522ccb4ae75871a2edeae74bb5ac92bf32eb76763d575d86"},
    {file = "django_browser_reload-1.12.1-py3-none-any.whl", hash = "sha256:08b457f1b6599bf782d4d2ecdfb0897d6fc936ac4035060d0269c2af5ef4ef7a"},
]

[[package]]
name = "django-click"
version = "2.3.0"
summary = "Build Django management commands using the click CLI package."
groups = ["default"]
dependencies = [
    "click>=7.1",
]
files = [
    {file = "django-click-2.3.0.tar.gz", hash = "sha256:bffb0d10c3f3dfe3f5b116ce902c7a7a9aa4e9c046de95259dc044462eb746b4"},
    {file = "django_click-2.3.0-py2.py3-none-any.whl", hash = "sha256:b862d6b2424edba564968834c8570e39db8142babaa843fa791a4958a2dabb54"},
]

[[package]]
name = "django-debug-toolbar"
version = "4.3.0"
requires_python = ">=3.8"
summary = "A configurable set of panels that display various debug information about the current request/response."
groups = ["dev"]
dependencies = [
    "django>=3.2.4",
    "sqlparse>=0.2",
]
files = [
    {file = "django_debug_toolbar-4.3.0-py3-none-any.whl", hash = "sha256:e09b7dcb8417b743234dfc57c95a7c1d1d87a88844abd13b4c5387f807b31bf6"},
    {file = "django_debug_toolbar-4.3.0.tar.gz", hash = "sha256:0b0dddee5ea29b9cb678593bc0d7a6d76b21d7799cb68e091a2148341a80f3c4"},
]

[[package]]
name = "django-extensions"
version = "3.2.3"
requires_python = ">=3.6"
summary = "Extensions for Django"
groups = ["default"]
dependencies = [
    "Django>=3.2",
]
files = [
    {file = "django-extensions-3.2.3.tar.gz", hash = "sha256:44d27919d04e23b3f40231c4ab7af4e61ce832ef46d610cc650d53e68328410a"},
    {file = "django_extensions-3.2.3-py3-none-any.whl", hash = "sha256:9600b7562f79a92cbf1fde6403c04fee314608fefbb595502e34383ae8203401"},
]

[[package]]
name = "django-htmx"
version = "1.17.2"
requires_python = ">=3.8"
summary = "Extensions for using Django with htmx."
groups = ["default"]
dependencies = [
    "Django>=3.2",
    "asgiref>=3.6",
]
files = [
    {file = "django-htmx-1.17.2.tar.gz", hash = "sha256:4089f2ed38727e9846c2f4cd1daddf6b010c7be8d834cfbcffc8c5ecf445c04e"},
    {file = "django_htmx-1.17.2-py3-none-any.whl", hash = "sha256:f4971432d2ca45dbb31d9b58add1c50ae54354afe4bf59cafd591b1711b502c0"},
]

[[package]]
name = "django-livereload-server"
version = "0.5.1"
summary = "LiveReload functionality integrated with your Django development environment"
groups = ["default"]
dependencies = [
    "django>=1.8",
    "tornado",
]
files = [
    {file = "django-livereload-server-0.5.1.tar.gz", hash = "sha256:e1fecca2a74ec87235bbfdf8b63365499324d9a87017427e5d297711d1cd532d"},
    {file = "django_livereload_server-0.5.1-py2.py3-none-any.whl", hash = "sha256:e03bd65d1679ef1b4a5e22e2a77d11d3cfb0e3d21ae25afba49e280924ba6f58"},
]

[[package]]
name = "django-stubs"
version = "4.2.7"
requires_python = ">=3.8"
summary = "Mypy stubs for Django"
groups = ["dev"]
dependencies = [
    "django",
    "django-stubs-ext>=4.2.7",
    "types-PyYAML",
    "types-pytz",
    "typing-extensions",
]
files = [
    {file = "django-stubs-4.2.7.tar.gz", hash = "sha256:8ccd2ff4ee5adf22b9e3b7b1a516d2e1c2191e9d94e672c35cc2bc3dd61e0f6b"},
    {file = "django_stubs-4.2.7-py3-none-any.whl", hash = "sha256:4cf4de258fa71adc6f2799e983091b9d46cfc67c6eebc68fe111218c9a62b3b8"},
]

[[package]]
name = "django-stubs-ext"
version = "4.2.7"
requires_python = ">=3.8"
summary = "Monkey-patching and extensions for django-stubs"
groups = ["dev"]
dependencies = [
    "django",
    "typing-extensions",
]
files = [
    {file = "django-stubs-ext-4.2.7.tar.gz", hash = "sha256:519342ac0849cda1559746c9a563f03ff99f636b0ebe7c14b75e816a00dfddc3"},
    {file = "django_stubs_ext-4.2.7-py3-none-any.whl", hash = "sha256:45a5d102417a412e3606e3c358adb4744988a92b7b58ccf3fd64bddd5d04d14c"},
]

[[package]]
name = "django-watchman"
version = "1.3.0"
summary = "django-watchman exposes a status endpoint for your backing services"
groups = ["default"]
dependencies = [
    "django>=2.0",
]
files = [
    {file = "django-watchman-1.3.0.tar.gz", hash = "sha256:33b5fc734d689b83cb96fc17beda624ae2955f4cede0856897d990c363eac962"},
    {file = "django_watchman-1.3.0-py2.py3-none-any.whl", hash = "sha256:5f04300bd7fbdd63b8a883b2730ed1e4d9b0f9991133b33a1281134b81f466eb"},
]

[[package]]
name = "djlint"
version = "1.34.1"
requires_python = ">=3.8.0,<4.0.0"
summary = "HTML Template Linter and Formatter"
groups = ["dev"]
dependencies = [
    "PyYAML<7.0,>=6.0",
    "click<9.0.0,>=8.0.1",
    "colorama<0.5.0,>=0.4.4",
    "cssbeautifier<2.0.0,>=1.14.4",
    "html-tag-names<0.2.0,>=0.1.2",
    "html-void-elements<0.2.0,>=0.1.0",
    "jsbeautifier<2.0.0,>=1.14.4",
    "json5<0.10.0,>=0.9.11",
    "pathspec<0.13.0,>=0.12.0",
    "regex<2024.0.0,>=2023.0.0",
    "tqdm<5.0.0,>=4.62.2",
]
files = [
    {file = "djlint-1.34.1-py3-none-any.whl", hash = "sha256:96ff1c464fb6f061130ebc88663a2ea524d7ec51f4b56221a2b3f0320a3cfce8"},
    {file = "djlint-1.34.1.tar.gz", hash = "sha256:db93fa008d19eaadb0454edf1704931d14469d48508daba2df9941111f408346"},
]

[[package]]
name = "editorconfig"
version = "0.12.4"
summary = "EditorConfig File Locator and Interpreter for Python"
groups = ["dev"]
files = [
    {file = "EditorConfig-0.12.4.tar.gz", hash = "sha256:24857fa1793917dd9ccf0c7810a07e05404ce9b823521c7dce22a4fb5d125f80"},
]

[[package]]
name = "execnet"
version = "2.0.2"
requires_python = ">=3.7"
summary = "execnet: rapid multi-Python deployment"
groups = ["dev"]
files = [
    {file = "execnet-2.0.2-py3-none-any.whl", hash = "sha256:88256416ae766bc9e8895c76a87928c0012183da3cc4fc18016e6f050e025f41"},
    {file = "execnet-2.0.2.tar.gz", hash = "sha256:cc59bc4423742fd71ad227122eb0dd44db51efb3dc4095b45ac9a08c770096af"},
]

[[package]]
name = "fontawesomefree"
version = "6.5.1"
summary = "Font Awesome Free"
groups = ["default"]
files = [
    {file = "fontawesomefree-6.5.1-py3-none-any.whl", hash = "sha256:8dec4a2ee37bf8e53379ebbf0d38cefec4e06c7c9227f59af39dbb7b1632817b"},
]

[[package]]
name = "html-tag-names"
version = "0.1.2"
requires_python = ">=3.7,<4.0"
summary = "List of known HTML tag names"
groups = ["dev"]
files = [
    {file = "html-tag-names-0.1.2.tar.gz", hash = "sha256:04924aca48770f36b5a41c27e4d917062507be05118acb0ba869c97389084297"},
    {file = "html_tag_names-0.1.2-py3-none-any.whl", hash = "sha256:eeb69ef21078486b615241f0393a72b41352c5219ee648e7c61f5632d26f0420"},
]

[[package]]
name = "html-void-elements"
version = "0.1.0"
requires_python = ">=3.7,<4.0"
summary = "List of HTML void tag names."
groups = ["dev"]
files = [
    {file = "html-void-elements-0.1.0.tar.gz", hash = "sha256:931b88f84cd606fee0b582c28fcd00e41d7149421fb673e1e1abd2f0c4f231f0"},
    {file = "html_void_elements-0.1.0-py3-none-any.whl", hash = "sha256:784cf39db03cdeb017320d9301009f8f3480f9d7b254d0974272e80e0cb5e0d2"},
]

[[package]]
name = "iniconfig"
version = "2.0.0"
requires_python = ">=3.7"
summary = "brain-dead simple config-ini parsing"
groups = ["dev"]
files = [
    {file = "iniconfig-2.0.0-py3-none-any.whl", hash = "sha256:b6a85871a79d2e3b22d2d1b94ac2824226a63c6b741c88f7ae975f18b6778374"},
    {file = "iniconfig-2.0.0.tar.gz", hash = "sha256:2d91e135bf72d31a410b17c16da610a82cb55f6b0477d1a902134b24a455b8b3"},
]

[[package]]
name = "jmespath"
version = "1.0.1"
requires_python = ">=3.7"
summary = "JSON Matching Expressions"
groups = ["default"]
files = [
    {file = "jmespath-1.0.1-py3-none-any.whl", hash = "sha256:02e2e4cc71b5bcab88332eebf907519190dd9e6e82107fa7f83b1003a6252980"},
    {file = "jmespath-1.0.1.tar.gz", hash = "sha256:90261b206d6defd58fdd5e85f478bf633a2901798906be2ad389150c5c60edbe"},
]

[[package]]
name = "jsbeautifier"
version = "1.15.1"
summary = "JavaScript unobfuscator and beautifier."
groups = ["dev"]
dependencies = [
    "editorconfig>=0.12.2",
    "six>=1.13.0",
]
files = [
    {file = "jsbeautifier-1.15.1.tar.gz", hash = "sha256:ebd733b560704c602d744eafc839db60a1ee9326e30a2a80c4adb8718adc1b24"},
]

[[package]]
name = "json5"
version = "0.9.17"
requires_python = ">=3.8"
summary = "A Python implementation of the JSON5 data format."
groups = ["dev"]
files = [
    {file = "json5-0.9.17-py2.py3-none-any.whl", hash = "sha256:f8ec1ecf985951d70f780f6f877c4baca6a47b6e61e02c4cd190138d10a7805a"},
    {file = "json5-0.9.17.tar.gz", hash = "sha256:717d99d657fa71b7094877b1d921b1cce40ab444389f6d770302563bb7dfd9ae"},
]

[[package]]
name = "packaging"
version = "23.2"
requires_python = ">=3.7"
summary = "Core utilities for Python packages"
groups = ["dev"]
files = [
    {file = "packaging-23.2-py3-none-any.whl", hash = "sha256:8c491190033a9af7e1d931d0b5dacc2ef47509b34dd0de67ed209b5203fc88c7"},
    {file = "packaging-23.2.tar.gz", hash = "sha256:048fb0e9405036518eaaf48a55953c750c11e1a1b68e0dd1a9d62ed0c092cfc5"},
]

[[package]]
name = "pathspec"
version = "0.12.1"
requires_python = ">=3.8"
summary = "Utility library for gitignore style pattern matching of file paths."
groups = ["dev"]
files = [
    {file = "pathspec-0.12.1-py3-none-any.whl", hash = "sha256:a0d503e138a4c123b27490a4f7beda6a01c6f288df0e4a8b79c7eb0dc7b4cc08"},
    {file = "pathspec-0.12.1.tar.gz", hash = "sha256:a482d51503a1ab33b1c67a6c3813a26953dbdc71c31dacaef9a838c4e29f5712"},
]

[[package]]
name = "pluggy"
version = "1.4.0"
requires_python = ">=3.8"
summary = "plugin and hook calling mechanisms for python"
groups = ["dev"]
files = [
    {file = "pluggy-1.4.0-py3-none-any.whl", hash = "sha256:7db9f7b503d67d1c5b95f59773ebb58a8c1c288129a88665838012cfb07b8981"},
    {file = "pluggy-1.4.0.tar.gz", hash = "sha256:8c85c2876142a764e5b7548e7d9a0e0ddb46f5185161049a79b7e974454223be"},
]

[[package]]
name = "pytest"
version = "8.0.2"
requires_python = ">=3.8"
summary = "pytest: simple powerful testing with Python"
groups = ["dev"]
dependencies = [
    "colorama; sys_platform == \"win32\"",
    "iniconfig",
    "packaging",
    "pluggy<2.0,>=1.3.0",
]
files = [
    {file = "pytest-8.0.2-py3-none-any.whl", hash = "sha256:edfaaef32ce5172d5466b5127b42e0d6d35ebbe4453f0e3505d96afd93f6b096"},
    {file = "pytest-8.0.2.tar.gz", hash = "sha256:d4051d623a2e0b7e51960ba963193b09ce6daeb9759a451844a21e4ddedfc1bd"},
]

[[package]]
name = "pytest-cov"
version = "4.1.0"
requires_python = ">=3.7"
summary = "Pytest plugin for measuring coverage."
groups = ["dev"]
dependencies = [
    "coverage[toml]>=5.2.1",
    "pytest>=4.6",
]
files = [
    {file = "pytest-cov-4.1.0.tar.gz", hash = "sha256:3904b13dfbfec47f003b8e77fd5b589cd11904a21ddf1ab38a64f204d6a10ef6"},
    {file = "pytest_cov-4.1.0-py3-none-any.whl", hash = "sha256:6ba70b9e97e69fcc3fb45bfeab2d0a138fb65c4d0d6a41ef33983ad114be8c3a"},
]

[[package]]
name = "pytest-django"
version = "4.8.0"
requires_python = ">=3.8"
summary = "A Django plugin for pytest."
groups = ["dev"]
dependencies = [
    "pytest>=7.0.0",
]
files = [
    {file = "pytest-django-4.8.0.tar.gz", hash = "sha256:5d054fe011c56f3b10f978f41a8efb2e5adfc7e680ef36fb571ada1f24779d90"},
    {file = "pytest_django-4.8.0-py3-none-any.whl", hash = "sha256:ca1ddd1e0e4c227cf9e3e40a6afc6d106b3e70868fd2ac5798a22501271cd0c7"},
]

[[package]]
name = "pytest-xdist"
version = "3.5.0"
requires_python = ">=3.7"
summary = "pytest xdist plugin for distributed testing, most importantly across multiple CPUs"
groups = ["dev"]
dependencies = [
    "execnet>=1.1",
    "pytest>=6.2.0",
]
files = [
    {file = "pytest-xdist-3.5.0.tar.gz", hash = "sha256:cbb36f3d67e0c478baa57fa4edc8843887e0f6cfc42d677530a36d7472b32d8a"},
    {file = "pytest_xdist-3.5.0-py3-none-any.whl", hash = "sha256:d075629c7e00b611df89f490a5063944bee7a4362a5ff11c7cc7824a03dfce24"},
]

[[package]]
name = "python-dateutil"
version = "2.8.2"
requires_python = "!=3.0.*,!=3.1.*,!=3.2.*,>=2.7"
summary = "Extensions to the standard Python datetime module"
groups = ["default"]
dependencies = [
    "six>=1.5",
]
files = [
    {file = "python-dateutil-2.8.2.tar.gz", hash = "sha256:0123cacc1627ae19ddf3c27a5de5bd67ee4586fbdd6440d9748f8abb483d3e86"},
    {file = "python_dateutil-2.8.2-py2.py3-none-any.whl", hash = "sha256:961d03dc3453ebbc59dbdea9e4e11c5651520a876d0f4db161e8674aae935da9"},
]

[[package]]
name = "pyyaml"
version = "6.0.1"
requires_python = ">=3.6"
summary = "YAML parser and emitter for Python"
groups = ["dev"]
files = [
    {file = "PyYAML-6.0.1-cp312-cp312-macosx_10_9_x86_64.whl", hash = "sha256:855fb52b0dc35af121542a76b9a84f8d1cd886ea97c84703eaa6d88e37a2ad28"},
    {file = "PyYAML-6.0.1-cp312-cp312-macosx_11_0_arm64.whl", hash = "sha256:40df9b996c2b73138957fe23a16a4f0ba614f4c0efce1e9406a184b6d07fa3a9"},
    {file = "PyYAML-6.0.1-cp312-cp312-manylinux_2_17_aarch64.manylinux2014_aarch64.whl", hash = "sha256:a08c6f0fe150303c1c6b71ebcd7213c2858041a7e01975da3a99aed1e7a378ef"},
    {file = "PyYAML-6.0.1-cp312-cp312-manylinux_2_17_x86_64.manylinux2014_x86_64.whl", hash = "sha256:6c22bec3fbe2524cde73d7ada88f6566758a8f7227bfbf93a408a9d86bcc12a0"},
    {file = "PyYAML-6.0.1-cp312-cp312-musllinux_1_1_x86_64.whl", hash = "sha256:8d4e9c88387b0f5c7d5f281e55304de64cf7f9c0021a3525bd3b1c542da3b0e4"},
    {file = "PyYAML-6.0.1-cp312-cp312-win32.whl", hash = "sha256:d483d2cdf104e7c9fa60c544d92981f12ad66a457afae824d146093b8c294c54"},
    {file = "PyYAML-6.0.1-cp312-cp312-win_amd64.whl", hash = "sha256:0d3304d8c0adc42be59c5f8a4d9e3d7379e6955ad754aa9d6ab7a398b59dd1df"},
    {file = "PyYAML-6.0.1.tar.gz", hash = "sha256:bfdf460b1736c775f2ba9f6a92bca30bc2095067b8a9d77876d1fad6cc3b4a43"},
]

[[package]]
name = "regex"
version = "2023.12.25"
requires_python = ">=3.7"
summary = "Alternative regular expression module, to replace re."
groups = ["dev"]
files = [
    {file = "regex-2023.12.25-cp312-cp312-macosx_10_9_universal2.whl", hash = "sha256:8a0ccf52bb37d1a700375a6b395bff5dd15c50acb745f7db30415bae3c2b0715"},
    {file = "regex-2023.12.25-cp312-cp312-macosx_10_9_x86_64.whl", hash = "sha256:c3c4a78615b7762740531c27cf46e2f388d8d727d0c0c739e72048beb26c8a9d"},
    {file = "regex-2023.12.25-cp312-cp312-macosx_11_0_arm64.whl", hash = "sha256:ad83e7545b4ab69216cef4cc47e344d19622e28aabec61574b20257c65466d6a"},
    {file = "regex-2023.12.25-cp312-cp312-manylinux_2_17_aarch64.manylinux2014_aarch64.whl", hash = "sha256:b7a635871143661feccce3979e1727c4e094f2bdfd3ec4b90dfd4f16f571a87a"},
    {file = "regex-2023.12.25-cp312-cp312-manylinux_2_17_ppc64le.manylinux2014_ppc64le.whl", hash = "sha256:d498eea3f581fbe1b34b59c697512a8baef88212f92e4c7830fcc1499f5b45a5"},
    {file = "regex-2023.12.25-cp312-cp312-manylinux_2_17_s390x.manylinux2014_s390x.whl", hash = "sha256:43f7cd5754d02a56ae4ebb91b33461dc67be8e3e0153f593c509e21d219c5060"},
    {file = "regex-2023.12.25-cp312-cp312-manylinux_2_17_x86_64.manylinux2014_x86_64.whl", hash = "sha256:51f4b32f793812714fd5307222a7f77e739b9bc566dc94a18126aba3b92b98a3"},
    {file = "regex-2023.12.25-cp312-cp312-manylinux_2_5_i686.manylinux1_i686.manylinux_2_17_i686.manylinux2014_i686.whl", hash = "sha256:ba99d8077424501b9616b43a2d208095746fb1284fc5ba490139651f971d39d9"},
    {file = "regex-2023.12.25-cp312-cp312-musllinux_1_1_aarch64.whl", hash = "sha256:4bfc2b16e3ba8850e0e262467275dd4d62f0d045e0e9eda2bc65078c0110a11f"},
    {file = "regex-2023.12.25-cp312-cp312-musllinux_1_1_i686.whl", hash = "sha256:8c2c19dae8a3eb0ea45a8448356ed561be843b13cbc34b840922ddf565498c1c"},
    {file = "regex-2023.12.25-cp312-cp312-musllinux_1_1_ppc64le.whl", hash = "sha256:60080bb3d8617d96f0fb7e19796384cc2467447ef1c491694850ebd3670bc457"},
    {file = "regex-2023.12.25-cp312-cp312-musllinux_1_1_s390x.whl", hash = "sha256:b77e27b79448e34c2c51c09836033056a0547aa360c45eeeb67803da7b0eedaf"},
    {file = "regex-2023.12.25-cp312-cp312-musllinux_1_1_x86_64.whl", hash = "sha256:518440c991f514331f4850a63560321f833979d145d7d81186dbe2f19e27ae3d"},
    {file = "regex-2023.12.25-cp312-cp312-win32.whl", hash = "sha256:e2610e9406d3b0073636a3a2e80db05a02f0c3169b5632022b4e81c0364bcda5"},
    {file = "regex-2023.12.25-cp312-cp312-win_amd64.whl", hash = "sha256:cc37b9aeebab425f11f27e5e9e6cf580be7206c6582a64467a14dda211abc232"},
    {file = "regex-2023.12.25.tar.gz", hash = "sha256:29171aa128da69afdf4bde412d5bedc335f2ca8fcfe4489038577d05f16181e5"},
]

[[package]]
name = "s3transfer"
version = "0.10.0"
requires_python = ">= 3.8"
summary = "An Amazon S3 Transfer Manager"
groups = ["default"]
dependencies = [
    "botocore<2.0a.0,>=1.33.2",
]
files = [
    {file = "s3transfer-0.10.0-py3-none-any.whl", hash = "sha256:3cdb40f5cfa6966e812209d0994f2a4709b561c88e90cf00c2696d2df4e56b2e"},
    {file = "s3transfer-0.10.0.tar.gz", hash = "sha256:d0c8bbf672d5eebbe4e57945e23b972d963f07d82f661cabf678a5c88831595b"},
]

[[package]]
name = "six"
version = "1.16.0"
requires_python = ">=2.7, !=3.0.*, !=3.1.*, !=3.2.*"
summary = "Python 2 and 3 compatibility utilities"
groups = ["default", "dev"]
files = [
    {file = "six-1.16.0-py2.py3-none-any.whl", hash = "sha256:8abb2f1d86890a2dfb989f9a77cfcfd3e47c2a354b01111771326f8aa26e0254"},
    {file = "six-1.16.0.tar.gz", hash = "sha256:1e61c37477a1626458e36f7b1d82aa5c9b094fa4802892072e49de9c60c4c926"},
]

[[package]]
name = "sqlparse"
version = "0.4.4"
requires_python = ">=3.5"
summary = "A non-validating SQL parser."
groups = ["default", "dev"]
files = [
    {file = "sqlparse-0.4.4-py3-none-any.whl", hash = "sha256:5430a4fe2ac7d0f93e66f1efc6e1338a41884b7ddf2a350cedd20ccc4d9d28f3"},
    {file = "sqlparse-0.4.4.tar.gz", hash = "sha256:d446183e84b8349fa3061f0fe7f06ca94ba65b426946ffebe6e3e8295332420c"},
]

[[package]]
name = "tinycss2"
version = "1.1.1"
requires_python = ">=3.6"
summary = "A tiny CSS parser"
groups = ["default"]
dependencies = [
    "webencodings>=0.4",
]
files = [
    {file = "tinycss2-1.1.1-py3-none-any.whl", hash = "sha256:fe794ceaadfe3cf3e686b22155d0da5780dd0e273471a51846d0a02bc204fec8"},
    {file = "tinycss2-1.1.1.tar.gz", hash = "sha256:b2e44dd8883c360c35dd0d1b5aad0b610e5156c2cb3b33434634e539ead9d8bf"},
]

[[package]]
name = "tornado"
version = "6.4"
requires_python = ">= 3.8"
summary = "Tornado is a Python web framework and asynchronous networking library, originally developed at FriendFeed."
groups = ["default"]
files = [
    {file = "tornado-6.4-cp38-abi3-macosx_10_9_universal2.whl", hash = "sha256:02ccefc7d8211e5a7f9e8bc3f9e5b0ad6262ba2fbb683a6443ecc804e5224ce0"},
    {file = "tornado-6.4-cp38-abi3-macosx_10_9_x86_64.whl", hash = "sha256:27787de946a9cffd63ce5814c33f734c627a87072ec7eed71f7fc4417bb16263"},
    {file = "tornado-6.4-cp38-abi3-manylinux_2_17_aarch64.manylinux2014_aarch64.whl", hash = "sha256:f7894c581ecdcf91666a0912f18ce5e757213999e183ebfc2c3fdbf4d5bd764e"},
    {file = "tornado-6.4-cp38-abi3-manylinux_2_5_i686.manylinux1_i686.manylinux_2_17_i686.manylinux2014_i686.whl", hash = "sha256:e43bc2e5370a6a8e413e1e1cd0c91bedc5bd62a74a532371042a18ef19e10579"},
    {file = "tornado-6.4-cp38-abi3-manylinux_2_5_x86_64.manylinux1_x86_64.manylinux_2_17_x86_64.manylinux2014_x86_64.whl", hash = "sha256:f0251554cdd50b4b44362f73ad5ba7126fc5b2c2895cc62b14a1c2d7ea32f212"},
    {file = "tornado-6.4-cp38-abi3-musllinux_1_1_aarch64.whl", hash = "sha256:fd03192e287fbd0899dd8f81c6fb9cbbc69194d2074b38f384cb6fa72b80e9c2"},
    {file = "tornado-6.4-cp38-abi3-musllinux_1_1_i686.whl", hash = "sha256:88b84956273fbd73420e6d4b8d5ccbe913c65d31351b4c004ae362eba06e1f78"},
    {file = "tornado-6.4-cp38-abi3-musllinux_1_1_x86_64.whl", hash = "sha256:71ddfc23a0e03ef2df1c1397d859868d158c8276a0603b96cf86892bff58149f"},
    {file = "tornado-6.4-cp38-abi3-win32.whl", hash = "sha256:6f8a6c77900f5ae93d8b4ae1196472d0ccc2775cc1dfdc9e7727889145c45052"},
    {file = "tornado-6.4-cp38-abi3-win_amd64.whl", hash = "sha256:10aeaa8006333433da48dec9fe417877f8bcc21f48dda8d661ae79da357b2a63"},
    {file = "tornado-6.4.tar.gz", hash = "sha256:72291fa6e6bc84e626589f1c29d90a5a6d593ef5ae68052ee2ef000dfd273dee"},
]

[[package]]
name = "tqdm"
version = "4.66.2"
requires_python = ">=3.7"
summary = "Fast, Extensible Progress Meter"
groups = ["dev"]
dependencies = [
    "colorama; platform_system == \"Windows\"",
]
files = [
    {file = "tqdm-4.66.2-py3-none-any.whl", hash = "sha256:1ee4f8a893eb9bef51c6e35730cebf234d5d0b6bd112b0271e10ed7c24a02bd9"},
    {file = "tqdm-4.66.2.tar.gz", hash = "sha256:6cd52cdf0fef0e0f543299cfc96fec90d7b8a7e88745f411ec33eb44d5ed3531"},
]

[[package]]
name = "types-pytz"
version = "2024.1.0.20240203"
requires_python = ">=3.8"
summary = "Typing stubs for pytz"
groups = ["dev"]
files = [
    {file = "types-pytz-2024.1.0.20240203.tar.gz", hash = "sha256:c93751ee20dfc6e054a0148f8f5227b9a00b79c90a4d3c9f464711a73179c89e"},
    {file = "types_pytz-2024.1.0.20240203-py3-none-any.whl", hash = "sha256:9679eef0365db3af91ef7722c199dbb75ee5c1b67e3c4dd7bfbeb1b8a71c21a3"},
]

[[package]]
name = "types-pyyaml"
version = "6.0.12.12"
summary = "Typing stubs for PyYAML"
groups = ["dev"]
files = [
    {file = "types-PyYAML-6.0.12.12.tar.gz", hash = "sha256:334373d392fde0fdf95af5c3f1661885fa10c52167b14593eb856289e1855062"},
    {file = "types_PyYAML-6.0.12.12-py3-none-any.whl", hash = "sha256:c05bc6c158facb0676674b7f11fe3960db4f389718e19e62bd2b84d6205cfd24"},
]

[[package]]
name = "typing-extensions"
version = "4.10.0"
requires_python = ">=3.8"
summary = "Backported and Experimental Type Hints for Python 3.8+"
groups = ["dev"]
files = [
    {file = "typing_extensions-4.10.0-py3-none-any.whl", hash = "sha256:69b1a937c3a517342112fb4c6df7e72fc39a38e7891a5730ed4985b5214b5475"},
    {file = "typing_extensions-4.10.0.tar.gz", hash = "sha256:b0abd7c89e8fb96f98db18d86106ff1d90ab692004eb746cf6eda2682f91b3cb"},
]

[[package]]
name = "tzdata"
version = "2024.1"
requires_python = ">=2"
summary = "Provider of IANA time zone data"
groups = ["default", "dev"]
marker = "sys_platform == \"win32\""
files = [
    {file = "tzdata-2024.1-py2.py3-none-any.whl", hash = "sha256:9068bc196136463f5245e51efda838afa15aaeca9903f49050dfa2679db4d252"},
    {file = "tzdata-2024.1.tar.gz", hash = "sha256:2674120f8d891909751c38abcdfd386ac0a5a1127954fbc332af6b5ceae07efd"},
]

[[package]]
name = "urllib3"
version = "2.0.7"
requires_python = ">=3.7"
summary = "HTTP library with thread-safe connection pooling, file post, and more."
groups = ["default"]
marker = "python_version >= \"3.10\""
files = [
    {file = "urllib3-2.0.7-py3-none-any.whl", hash = "sha256:fdb6d215c776278489906c2f8916e6e7d4f5a9b602ccbcfdf7f016fc8da0596e"},
    {file = "urllib3-2.0.7.tar.gz", hash = "sha256:c97dfde1f7bd43a71c8d2a58e369e9b2bf692d1334ea9f9cae55add7d0dd0f84"},
]

[[package]]
name = "webencodings"
version = "0.5.1"
summary = "Character encoding aliases for legacy web content"
groups = ["default"]
files = [
    {file = "webencodings-0.5.1-py2.py3-none-any.whl", hash = "sha256:a0af1213f3c2226497a97e2b3aa01a7e4bee4f403f95be16fc9acd2947514a78"},
    {file = "webencodings-0.5.1.tar.gz", hash = "sha256:b36a1c245f2d304965eb4e0a82848379241dc04b865afcc4aab16748587e1923"},
]

[[package]]
name = "whitenoise"
version = "6.6.0"
requires_python = ">=3.8"
summary = "Radically simplified static file serving for WSGI applications"
groups = ["default"]
files = [
    {file = "whitenoise-6.6.0-py3-none-any.whl", hash = "sha256:b1f9db9bf67dc183484d760b99f4080185633136a273a03f6436034a41064146"},
    {file = "whitenoise-6.6.0.tar.gz", hash = "sha256:8998f7370973447fac1e8ef6e8ded2c5209a7b1f67c1012866dbcd09681c3251"},
]
